
Microsoft Visual Studio Solution File, Format Version 12.00
# Visual Studio Version 17
VisualStudioVersion = 17.7.34018.315
MinimumVisualStudioVersion = 10.0.40219.1
Project("{8BC9CEB8-8B4A-11D0-8D11-00A0C91BC942}") = "2", "2\2.vcxproj", "{65A50D94-F0C9-4A68-8302-31139C083D0A}"
EndProject
Project("{8BC9CEB8-8B4A-11D0-8D11-00A0C91BC942}") = "3", "3\3.vcxproj", "{0E1A4FE3-FAFE-4E99-8C4F-D3165F7532E4}"
EndProject
Project("{8BC9CEB8-8B4A-11D0-8D11-00A0C91BC942}") = "4", "4\4.vcxproj", "{9C5D54F2-F1BA-4792-8B6E-16701DD120E2}"
EndProject
Project("{8BC9CEB8-8B4A-11D0-8D11-00A0C91BC942}") = "5", "5\5.vcxproj", "{61FA4246-BF9E-402C-85B4-A91AB42F0843}"
EndProject
Project("{8BC9CEB8-8B4A-11D0-8D11-00A0C91BC942}") = "8", "8\8.vcxproj", "{14B9EE5E-8340-4230-B9CE-4715C7FE2287}"
EndProject
Project("{8BC9CEB8-8B4A-11D0-8D11-00A0C91BC942}") = "1", "1\1.vcxproj", "{301DE1B2-FE58-4930-AB33-DF24202C0D11}"
EndProject
Project("{8BC9CEB8-8B4A-11D0-8D11-00A0C91BC942}") = "6", "6\6.vcxproj", "{C6510C5A-E443-4550-8889-F3676F9B1BE5}"
EndProject
Project("{8BC9CEB8-8B4A-11D0-8D11-00A0C91BC942}") = "9", "9\9.vcxproj", "{387ACBE9-8475-4892-B440-363AAC5B224D}"
EndProject
Global
	GlobalSection(SolutionConfigurationPlatforms) = preSolution
		Debug|x64 = Debug|x64
		Debug|x86 = Debug|x86
		Release|x64 = Release|x64
		Release|x86 = Release|x86
	EndGlobalSection
	GlobalSection(ProjectConfigurationPlatforms) = postSolution
		{65A50D94-F0C9-4A68-8302-31139C083D0A}.Debug|x64.ActiveCfg = Debug|x64
		{65A50D94-F0C9-4A68-8302-31139C083D0A}.Debug|x64.Build.0 = Debug|x64
		{65A50D94-F0C9-4A68-8302-31139C083D0A}.Debug|x86.ActiveCfg = Debug|Win32
		{65A50D94-F0C9-4A68-8302-31139C083D0A}.Debug|x86.Build.0 = Debug|Win32
		{65A50D94-F0C9-4A68-8302-31139C083D0A}.Release|x64.ActiveCfg = Release|x64
		{65A50D94-F0C9-4A68-8302-31139C083D0A}.Release|x64.Build.0 = Release|x64
		{65A50D94-F0C9-4A68-8302-31139C083D0A}.Release|x86.ActiveCfg = Release|Win32
		{65A50D94-F0C9-4A68-8302-31139C083D0A}.Release|x86.Build.0 = Release|Win32
		{0E1A4FE3-FAFE-4E99-8C4F-D3165F7532E4}.Debug|x64.ActiveCfg = Debug|x64
		{0E1A4FE3-FAFE-4E99-8C4F-D3165F7532E4}.Debug|x64.Build.0 = Debug|x64
		{0E1A4FE3-FAFE-4E99-8C4F-D3165F7532E4}.Debug|x86.ActiveCfg = Debug|Win32
		{0E1A4FE3-FAFE-4E99-8C4F-D3165F7532E4}.Debug|x86.Build.0 = Debug|Win32
		{0E1A4FE3-FAFE-4E99-8C4F-D3165F7532E4}.Release|x64.ActiveCfg = Release|x64
		{0E1A4FE3-FAFE-4E99-8C4F-D3165F7532E4}.Release|x64.Build.0 = Release|x64
		{0E1A4FE3-FAFE-4E99-8C4F-D3165F7532E4}.Release|x86.ActiveCfg = Release|Win32
		{0E1A4FE3-FAFE-4E99-8C4F-D3165F7532E4}.Release|x86.Build.0 = Release|Win32
		{9C5D54F2-F1BA-4792-8B6E-16701DD120E2}.Debug|x64.ActiveCfg = Debug|x64
		{9C5D54F2-F1BA-4792-8B6E-16701DD120E2}.Debug|x64.Build.0 = Debug|x64
		{9C5D54F2-F1BA-4792-8B6E-16701DD120E2}.Debug|x86.ActiveCfg = Debug|Win32
		{9C5D54F2-F1BA-4792-8B6E-16701DD120E2}.Debug|x86.Build.0 = Debug|Win32
		{9C5D54F2-F1BA-4792-8B6E-16701DD120E2}.Release|x64.ActiveCfg = Release|x64
		{9C5D54F2-F1BA-4792-8B6E-16701DD120E2}.Release|x64.Build.0 = Release|x64
		{9C5D54F2-F1BA-4792-8B6E-16701DD120E2}.Release|x86.ActiveCfg = Release|Win32
		{9C5D54F2-F1BA-4792-8B6E-16701DD120E2}.Release|x86.Build.0 = Release|Win32
		{61FA4246-BF9E-402C-85B4-A91AB42F0843}.Debug|x64.ActiveCfg = Debug|x64
		{61FA4246-BF9E-402C-85B4-A91AB42F0843}.Debug|x64.Build.0 = Debug|x64
		{61FA4246-BF9E-402C-85B4-A91AB42F0843}.Debug|x86.ActiveCfg = Debug|Win32
		{61FA4246-BF9E-402C-85B4-A91AB42F0843}.Debug|x86.Build.0 = Debug|Win32
		{61FA4246-BF9E-402C-85B4-A91AB42F0843}.Release|x64.ActiveCfg = Release|x64
		{61FA4246-BF9E-402C-85B4-A91AB42F0843}.Release|x64.Build.0 = Release|x64
		{61FA4246-BF9E-402C-85B4-A91AB42F0843}.Release|x86.ActiveCfg = Release|Win32
		{61FA4246-BF9E-402C-85B4-A91AB42F0843}.Release|x86.Build.0 = Release|Win32
		{14B9EE5E-8340-4230-B9CE-4715C7FE2287}.Debug|x64.ActiveCfg = Debug|x64
		{14B9EE5E-8340-4230-B9CE-4715C7FE2287}.Debug|x64.Build.0 = Debug|x64
		{14B9EE5E-8340-4230-B9CE-4715C7FE2287}.Debug|x86.ActiveCfg = Debug|Win32
		{14B9EE5E-8340-4230-B9CE-4715C7FE2287}.Debug|x86.Build.0 = Debug|Win32
		{14B9EE5E-8340-4230-B9CE-4715C7FE2287}.Release|x64.ActiveCfg = Release|x64
		{14B9EE5E-8340-4230-B9CE-4715C7FE2287}.Release|x64.Build.0 = Release|x64
		{14B9EE5E-8340-4230-B9CE-4715C7FE2287}.Release|x86.ActiveCfg = Release|Win32
		{14B9EE5E-8340-4230-B9CE-4715C7FE2287}.Release|x86.Build.0 = Release|Win32
		{301DE1B2-FE58-4930-AB33-DF24202C0D11}.Debug|x64.ActiveCfg = Debug|x64
		{301DE1B2-FE58-4930-AB33-DF24202C0D11}.Debug|x64.Build.0 = Debug|x64
		{301DE1B2-FE58-4930-AB33-DF24202C0D11}.Debug|x86.ActiveCfg = Debug|Win32
		{301DE1B2-FE58-4930-AB33-DF24202C0D11}.Debug|x86.Build.0 = Debug|Win32
		{301DE1B2-FE58-4930-AB33-DF24202C0D11}.Release|x64.ActiveCfg = Release|x64
		{301DE1B2-FE58-4930-AB33-DF24202C0D11}.Release|x64.Build.0 = Release|x64
		{301DE1B2-FE58-4930-AB33-DF24202C0D11}.Release|x86.ActiveCfg = Release|Win32
		{301DE1B2-FE58-4930-AB33-DF24202C0D11}.Release|x86.Build.0 = Release|Win32
		{C6510C5A-E443-4550-8889-F3676F9B1BE5}.Debug|x64.ActiveCfg = Debug|x64
		{C6510C5A-E443-4550-8889-F3676F9B1BE5}.Debug|x64.Build.0 = Debug|x64
		{C6510C5A-E443-4550-8889-F3676F9B1BE5}.Debug|x86.ActiveCfg = Debug|Win32
		{C6510C5A-E443-4550-8889-F3676F9B1BE5}.Debug|x86.Build.0 = Debug|Win32
		{C6510C5A-E443-4550-8889-F3676F9B1BE5}.Release|x64.ActiveCfg = Release|x64
		{C6510C5A-E443-4550-8889-F3676F9B1BE5}.Release|x64.Build.0 = Release|x64
		{C6510C5A-E443-4550-8889-F3676F9B1BE5}.Release|x86.ActiveCfg = Release|Win32
		{C6510C5A-E443-4550-8889-F3676F9B1BE5}.Release|x86.Build.0 = Release|Win32
		{387ACBE9-8475-4892-B440-363AAC5B224D}.Debug|x64.ActiveCfg = Debug|x64
		{387ACBE9-8475-4892-B440-363AAC5B224D}.Debug|x64.Build.0 = Debug|x64
		{387ACBE9-8475-4892-B440-363AAC5B224D}.Debug|x86.ActiveCfg = Debug|Win32
		{387ACBE9-8475-4892-B440-363AAC5B224D}.Debug|x86.Build.0 = Debug|Win32
		{387ACBE9-8475-4892-B440-363AAC5B224D}.Release|x64.ActiveCfg = Release|x64
		{387ACBE9-8475-4892-B440-363AAC5B224D}.Release|x64.Build.0 = Release|x64
		{387ACBE9-8475-4892-B440-363AAC5B224D}.Release|x86.ActiveCfg = Release|Win32
		{387ACBE9-8475-4892-B440-363AAC5B224D}.Release|x86.Build.0 = Release|Win32
	EndGlobalSection
	GlobalSection(SolutionProperties) = preSolution
		HideSolutionNode = FALSE
	EndGlobalSection
	GlobalSection(ExtensibilityGlobals) = postSolution
		SolutionGuid = {827DDA4C-7A6E-45B0-84CB-1A8AD1CC1AB6}
	EndGlobalSection
EndGlobal
